// !$*UTF8*$!
{
	archiveVersion = 1;
	classes = {
	};
	objectVersion = 50;
	objects = {

/* Begin PBXBuildFile section */
		2E00056721D30525006F12E8 /* AppDelegate.m in Sources */ = {isa = PBXBuildFile; fileRef = 2E00056621D30525006F12E8 /* AppDelegate.m */; };
		2E00056A21D30525006F12E8 /* ViewController.m in Sources */ = {isa = PBXBuildFile; fileRef = 2E00056921D30525006F12E8 /* ViewController.m */; };
		2E00056D21D30525006F12E8 /* Document.m in Sources */ = {isa = PBXBuildFile; fileRef = 2E00056C21D30525006F12E8 /* Document.m */; };
		2E00056F21D30526006F12E8 /* Assets.xcassets in Resources */ = {isa = PBXBuildFile; fileRef = 2E00056E21D30526006F12E8 /* Assets.xcassets */; };
		2E00057221D30526006F12E8 /* Main.storyboard in Resources */ = {isa = PBXBuildFile; fileRef = 2E00057021D30526006F12E8 /* Main.storyboard */; };
		2E00057521D30526006F12E8 /* main.m in Sources */ = {isa = PBXBuildFile; fileRef = 2E00057421D30526006F12E8 /* main.m */; };
		2E00058021D30526006F12E8 /* CrosswordTests.m in Sources */ = {isa = PBXBuildFile; fileRef = 2E00057F21D30526006F12E8 /* CrosswordTests.m */; };
		2E00058B21D30526006F12E8 /* CrosswordUITests.m in Sources */ = {isa = PBXBuildFile; fileRef = 2E00058A21D30526006F12E8 /* CrosswordUITests.m */; };
		2E00059A21D3EA1F006F12E8 /* Crossword.m in Sources */ = {isa = PBXBuildFile; fileRef = 2E00059921D3EA1F006F12E8 /* Crossword.m */; };
		2E32AE9F21E1367800090646 /* GameGrid.m in Sources */ = {isa = PBXBuildFile; fileRef = 2E32AE9E21E1367800090646 /* GameGrid.m */; };
		2E32AEA421E271C600090646 /* GridCellView.m in Sources */ = {isa = PBXBuildFile; fileRef = 2E32AEA321E271C600090646 /* GridCellView.m */; };
/* End PBXBuildFile section */

/* Begin PBXContainerItemProxy section */
		2E00057C21D30526006F12E8 /* PBXContainerItemProxy */ = {
			isa = PBXContainerItemProxy;
			containerPortal = 2E00055A21D30525006F12E8 /* Project object */;
			proxyType = 1;
			remoteGlobalIDString = 2E00056121D30525006F12E8;
			remoteInfo = Crossword;
		};
		2E00058721D30526006F12E8 /* PBXContainerItemProxy */ = {
			isa = PBXContainerItemProxy;
			containerPortal = 2E00055A21D30525006F12E8 /* Project object */;
			proxyType = 1;
			remoteGlobalIDString = 2E00056121D30525006F12E8;
			remoteInfo = Crossword;
		};
/* End PBXContainerItemProxy section */

/* Begin PBXFileReference section */
		2E00056221D30525006F12E8 /* Crossword.app */ = {isa = PBXFileReference; explicitFileType = wrapper.application; includeInIndex = 0; path = Crossword.app; sourceTree = BUILT_PRODUCTS_DIR; };
		2E00056521D30525006F12E8 /* AppDelegate.h */ = {isa = PBXFileReference; lastKnownFileType = sourcecode.c.h; path = AppDelegate.h; sourceTree = "<group>"; };
		2E00056621D30525006F12E8 /* AppDelegate.m */ = {isa = PBXFileReference; lastKnownFileType = sourcecode.c.objc; path = AppDelegate.m; sourceTree = "<group>"; };
		2E00056821D30525006F12E8 /* ViewController.h */ = {isa = PBXFileReference; lastKnownFileType = sourcecode.c.h; path = ViewController.h; sourceTree = "<group>"; };
		2E00056921D30525006F12E8 /* ViewController.m */ = {isa = PBXFileReference; lastKnownFileType = sourcecode.c.objc; path = ViewController.m; sourceTree = "<group>"; };
		2E00056B21D30525006F12E8 /* Document.h */ = {isa = PBXFileReference; lastKnownFileType = sourcecode.c.h; path = Document.h; sourceTree = "<group>"; };
		2E00056C21D30525006F12E8 /* Document.m */ = {isa = PBXFileReference; lastKnownFileType = sourcecode.c.objc; path = Document.m; sourceTree = "<group>"; };
		2E00056E21D30526006F12E8 /* Assets.xcassets */ = {isa = PBXFileReference; lastKnownFileType = folder.assetcatalog; path = Assets.xcassets; sourceTree = "<group>"; };
		2E00057121D30526006F12E8 /* Base */ = {isa = PBXFileReference; lastKnownFileType = file.storyboard; name = Base; path = Base.lproj/Main.storyboard; sourceTree = "<group>"; };
		2E00057321D30526006F12E8 /* Info.plist */ = {isa = PBXFileReference; lastKnownFileType = text.plist.xml; path = Info.plist; sourceTree = "<group>"; };
		2E00057421D30526006F12E8 /* main.m */ = {isa = PBXFileReference; lastKnownFileType = sourcecode.c.objc; path = main.m; sourceTree = "<group>"; };
		2E00057621D30526006F12E8 /* Crossword.entitlements */ = {isa = PBXFileReference; lastKnownFileType = text.plist.entitlements; path = Crossword.entitlements; sourceTree = "<group>"; };
		2E00057B21D30526006F12E8 /* CrosswordTests.xctest */ = {isa = PBXFileReference; explicitFileType = wrapper.cfbundle; includeInIndex = 0; path = CrosswordTests.xctest; sourceTree = BUILT_PRODUCTS_DIR; };
		2E00057F21D30526006F12E8 /* CrosswordTests.m */ = {isa = PBXFileReference; lastKnownFileType = sourcecode.c.objc; path = CrosswordTests.m; sourceTree = "<group>"; };
		2E00058121D30526006F12E8 /* Info.plist */ = {isa = PBXFileReference; lastKnownFileType = text.plist.xml; path = Info.plist; sourceTree = "<group>"; };
		2E00058621D30526006F12E8 /* CrosswordUITests.xctest */ = {isa = PBXFileReference; explicitFileType = wrapper.cfbundle; includeInIndex = 0; path = CrosswordUITests.xctest; sourceTree = BUILT_PRODUCTS_DIR; };
		2E00058A21D30526006F12E8 /* CrosswordUITests.m */ = {isa = PBXFileReference; lastKnownFileType = sourcecode.c.objc; path = CrosswordUITests.m; sourceTree = "<group>"; };
		2E00058C21D30526006F12E8 /* Info.plist */ = {isa = PBXFileReference; lastKnownFileType = text.plist.xml; path = Info.plist; sourceTree = "<group>"; };
		2E00059821D3EA1F006F12E8 /* Crossword.h */ = {isa = PBXFileReference; lastKnownFileType = sourcecode.c.h; path = Crossword.h; sourceTree = "<group>"; };
		2E00059921D3EA1F006F12E8 /* Crossword.m */ = {isa = PBXFileReference; lastKnownFileType = sourcecode.c.objc; path = Crossword.m; sourceTree = "<group>"; };
		2E32AE9D21E1367800090646 /* GameGrid.h */ = {isa = PBXFileReference; lastKnownFileType = sourcecode.c.h; path = GameGrid.h; sourceTree = "<group>"; };
		2E32AE9E21E1367800090646 /* GameGrid.m */ = {isa = PBXFileReference; lastKnownFileType = sourcecode.c.objc; path = GameGrid.m; sourceTree = "<group>"; };
		2E32AEA221E271C600090646 /* GridCellView.h */ = {isa = PBXFileReference; lastKnownFileType = sourcecode.c.h; path = GridCellView.h; sourceTree = "<group>"; };
		2E32AEA321E271C600090646 /* GridCellView.m */ = {isa = PBXFileReference; lastKnownFileType = sourcecode.c.objc; path = GridCellView.m; sourceTree = "<group>"; };
/* End PBXFileReference section */

/* Begin PBXFrameworksBuildPhase section */
		2E00055F21D30525006F12E8 /* Frameworks */ = {
			isa = PBXFrameworksBuildPhase;
			buildActionMask = 2147483647;
			files = (
			);
			runOnlyForDeploymentPostprocessing = 0;
		};
		2E00057821D30526006F12E8 /* Frameworks */ = {
			isa = PBXFrameworksBuildPhase;
			buildActionMask = 2147483647;
			files = (
			);
			runOnlyForDeploymentPostprocessing = 0;
		};
		2E00058321D30526006F12E8 /* Frameworks */ = {
			isa = PBXFrameworksBuildPhase;
			buildActionMask = 2147483647;
			files = (
			);
			runOnlyForDeploymentPostprocessing = 0;
		};
/* End PBXFrameworksBuildPhase section */

/* Begin PBXGroup section */
		2E00055921D30525006F12E8 = {
			isa = PBXGroup;
			children = (
				2E00056421D30525006F12E8 /* Crossword */,
				2E00057E21D30526006F12E8 /* CrosswordTests */,
				2E00058921D30526006F12E8 /* CrosswordUITests */,
				2E00056321D30525006F12E8 /* Products */,
			);
			sourceTree = "<group>";
		};
		2E00056321D30525006F12E8 /* Products */ = {
			isa = PBXGroup;
			children = (
				2E00056221D30525006F12E8 /* Crossword.app */,
				2E00057B21D30526006F12E8 /* CrosswordTests.xctest */,
				2E00058621D30526006F12E8 /* CrosswordUITests.xctest */,
			);
			name = Products;
			sourceTree = "<group>";
		};
		2E00056421D30525006F12E8 /* Crossword */ = {
			isa = PBXGroup;
			children = (
				2E00056521D30525006F12E8 /* AppDelegate.h */,
				2E00056621D30525006F12E8 /* AppDelegate.m */,
				2E00056821D30525006F12E8 /* ViewController.h */,
				2E00056921D30525006F12E8 /* ViewController.m */,
				2E32AE9D21E1367800090646 /* GameGrid.h */,
				2E32AE9E21E1367800090646 /* GameGrid.m */,
				2E00056B21D30525006F12E8 /* Document.h */,
				2E00056C21D30525006F12E8 /* Document.m */,
				2E00056E21D30526006F12E8 /* Assets.xcassets */,
				2E00057021D30526006F12E8 /* Main.storyboard */,
				2E32AEA221E271C600090646 /* GridCellView.h */,
				2E32AEA321E271C600090646 /* GridCellView.m */,
				2E00057321D30526006F12E8 /* Info.plist */,
				2E00057421D30526006F12E8 /* main.m */,
				2E00057621D30526006F12E8 /* Crossword.entitlements */,
				2E00059821D3EA1F006F12E8 /* Crossword.h */,
				2E00059921D3EA1F006F12E8 /* Crossword.m */,
			);
			path = Crossword;
			sourceTree = "<group>";
		};
		2E00057E21D30526006F12E8 /* CrosswordTests */ = {
			isa = PBXGroup;
			children = (
				2E00057F21D30526006F12E8 /* CrosswordTests.m */,
				2E00058121D30526006F12E8 /* Info.plist */,
			);
			path = CrosswordTests;
			sourceTree = "<group>";
		};
		2E00058921D30526006F12E8 /* CrosswordUITests */ = {
			isa = PBXGroup;
			children = (
				2E00058A21D30526006F12E8 /* CrosswordUITests.m */,
				2E00058C21D30526006F12E8 /* Info.plist */,
			);
			path = CrosswordUITests;
			sourceTree = "<group>";
		};
/* End PBXGroup section */

/* Begin PBXNativeTarget section */
		2E00056121D30525006F12E8 /* Crossword */ = {
			isa = PBXNativeTarget;
			buildConfigurationList = 2E00058F21D30526006F12E8 /* Build configuration list for PBXNativeTarget "Crossword" */;
			buildPhases = (
				2E00055E21D30525006F12E8 /* Sources */,
				2E00055F21D30525006F12E8 /* Frameworks */,
				2E00056021D30525006F12E8 /* Resources */,
			);
			buildRules = (
			);
			dependencies = (
			);
			name = Crossword;
			productName = Crossword;
			productReference = 2E00056221D30525006F12E8 /* Crossword.app */;
			productType = "com.apple.product-type.application";
		};
		2E00057A21D30526006F12E8 /* CrosswordTests */ = {
			isa = PBXNativeTarget;
			buildConfigurationList = 2E00059221D30526006F12E8 /* Build configuration list for PBXNativeTarget "CrosswordTests" */;
			buildPhases = (
				2E00057721D30526006F12E8 /* Sources */,
				2E00057821D30526006F12E8 /* Frameworks */,
				2E00057921D30526006F12E8 /* Resources */,
			);
			buildRules = (
			);
			dependencies = (
				2E00057D21D30526006F12E8 /* PBXTargetDependency */,
			);
			name = CrosswordTests;
			productName = CrosswordTests;
			productReference = 2E00057B21D30526006F12E8 /* CrosswordTests.xctest */;
			productType = "com.apple.product-type.bundle.unit-test";
		};
		2E00058521D30526006F12E8 /* CrosswordUITests */ = {
			isa = PBXNativeTarget;
			buildConfigurationList = 2E00059521D30526006F12E8 /* Build configuration list for PBXNativeTarget "CrosswordUITests" */;
			buildPhases = (
				2E00058221D30526006F12E8 /* Sources */,
				2E00058321D30526006F12E8 /* Frameworks */,
				2E00058421D30526006F12E8 /* Resources */,
			);
			buildRules = (
			);
			dependencies = (
				2E00058821D30526006F12E8 /* PBXTargetDependency */,
			);
			name = CrosswordUITests;
			productName = CrosswordUITests;
			productReference = 2E00058621D30526006F12E8 /* CrosswordUITests.xctest */;
			productType = "com.apple.product-type.bundle.ui-testing";
		};
/* End PBXNativeTarget section */

/* Begin PBXProject section */
		2E00055A21D30525006F12E8 /* Project object */ = {
			isa = PBXProject;
			attributes = {
				LastUpgradeCheck = 1010;
				ORGANIZATIONNAME = "Andrew Fischer";
				TargetAttributes = {
					2E00056121D30525006F12E8 = {
						CreatedOnToolsVersion = 10.1;
					};
					2E00057A21D30526006F12E8 = {
						CreatedOnToolsVersion = 10.1;
						TestTargetID = 2E00056121D30525006F12E8;
					};
					2E00058521D30526006F12E8 = {
						CreatedOnToolsVersion = 10.1;
						TestTargetID = 2E00056121D30525006F12E8;
					};
				};
			};
			buildConfigurationList = 2E00055D21D30525006F12E8 /* Build configuration list for PBXProject "Crossword" */;
			compatibilityVersion = "Xcode 9.3";
			developmentRegion = en;
			hasScannedForEncodings = 0;
			knownRegions = (
				en,
				Base,
			);
			mainGroup = 2E00055921D30525006F12E8;
			productRefGroup = 2E00056321D30525006F12E8 /* Products */;
			projectDirPath = "";
			projectRoot = "";
			targets = (
				2E00056121D30525006F12E8 /* Crossword */,
				2E00057A21D30526006F12E8 /* CrosswordTests */,
				2E00058521D30526006F12E8 /* CrosswordUITests */,
			);
		};
/* End PBXProject section */

/* Begin PBXResourcesBuildPhase section */
		2E00056021D30525006F12E8 /* Resources */ = {
			isa = PBXResourcesBuildPhase;
			buildActionMask = 2147483647;
			files = (
				2E00056F21D30526006F12E8 /* Assets.xcassets in Resources */,
				2E00057221D30526006F12E8 /* Main.storyboard in Resources */,
			);
			runOnlyForDeploymentPostprocessing = 0;
		};
		2E00057921D30526006F12E8 /* Resources */ = {
			isa = PBXResourcesBuildPhase;
			buildActionMask = 2147483647;
			files = (
			);
			runOnlyForDeploymentPostprocessing = 0;
		};
		2E00058421D30526006F12E8 /* Resources */ = {
			isa = PBXResourcesBuildPhase;
			buildActionMask = 2147483647;
			files = (
			);
			runOnlyForDeploymentPostprocessing = 0;
		};
/* End PBXResourcesBuildPhase section */

/* Begin PBXSourcesBuildPhase section */
		2E00055E21D30525006F12E8 /* Sources */ = {
			isa = PBXSourcesBuildPhase;
			buildActionMask = 2147483647;
			files = (
				2E00056D21D30525006F12E8 /* Document.m in Sources */,
				2E00056A21D30525006F12E8 /* ViewController.m in Sources */,
				2E00057521D30526006F12E8 /* main.m in Sources */,
				2E00059A21D3EA1F006F12E8 /* Crossword.m in Sources */,
				2E00056721D30525006F12E8 /* AppDelegate.m in Sources */,
				2E32AEA421E271C600090646 /* GridCellView.m in Sources */,
				2E32AE9F21E1367800090646 /* GameGrid.m in Sources */,
			);
			runOnlyForDeploymentPostprocessing = 0;
		};
		2E00057721D30526006F12E8 /* Sources */ = {
			isa = PBXSourcesBuildPhase;
			buildActionMask = 2147483647;
			files = (
				2E00058021D30526006F12E8 /* CrosswordTests.m in Sources */,
			);
			runOnlyForDeploymentPostprocessing = 0;
		};
		2E00058221D30526006F12E8 /* Sources */ = {
			isa = PBXSourcesBuildPhase;
			buildActionMask = 2147483647;
			files = (
				2E00058B21D30526006F12E8 /* CrosswordUITests.m in Sources */,
			);
			runOnlyForDeploymentPostprocessing = 0;
		};
/* End PBXSourcesBuildPhase section */

/* Begin PBXTargetDependency section */
		2E00057D21D30526006F12E8 /* PBXTargetDependency */ = {
			isa = PBXTargetDependency;
			target = 2E00056121D30525006F12E8 /* Crossword */;
			targetProxy = 2E00057C21D30526006F12E8 /* PBXContainerItemProxy */;
		};
		2E00058821D30526006F12E8 /* PBXTargetDependency */ = {
			isa = PBXTargetDependency;
			target = 2E00056121D30525006F12E8 /* Crossword */;
			targetProxy = 2E00058721D30526006F12E8 /* PBXContainerItemProxy */;
		};
/* End PBXTargetDependency section */

/* Begin PBXVariantGroup section */
		2E00057021D30526006F12E8 /* Main.storyboard */ = {
			isa = PBXVariantGroup;
			children = (
				2E00057121D30526006F12E8 /* Base */,
			);
			name = Main.storyboard;
			sourceTree = "<group>";
		};
/* End PBXVariantGroup section */

/* Begin XCBuildConfiguration section */
		2E00058D21D30526006F12E8 /* Debug */ = {
			isa = XCBuildConfiguration;
			buildSettings = {
				ALWAYS_SEARCH_USER_PATHS = NO;
				CLANG_ANALYZER_NONNULL = YES;
				CLANG_ANALYZER_NUMBER_OBJECT_CONVERSION = YES_AGGRESSIVE;
				CLANG_CXX_LANGUAGE_STANDARD = "gnu++14";
				CLANG_CXX_LIBRARY = "libc++";
				CLANG_ENABLE_MODULES = YES;
				CLANG_ENABLE_OBJC_ARC = YES;
				CLANG_ENABLE_OBJC_WEAK = YES;
				CLANG_WARN_BLOCK_CAPTURE_AUTORELEASING = YES;
				CLANG_WARN_BOOL_CONVERSION = YES;
				CLANG_WARN_COMMA = YES;
				CLANG_WARN_CONSTANT_CONVERSION = YES;
				CLANG_WARN_DEPRECATED_OBJC_IMPLEMENTATIONS = YES;
				CLANG_WARN_DIRECT_OBJC_ISA_USAGE = YES_ERROR;
				CLANG_WARN_DOCUMENTATION_COMMENTS = YES;
				CLANG_WARN_EMPTY_BODY = YES;
				CLANG_WARN_ENUM_CONVERSION = YES;
				CLANG_WARN_INFINITE_RECURSION = YES;
				CLANG_WARN_INT_CONVERSION = YES;
				CLANG_WARN_NON_LITERAL_NULL_CONVERSION = YES;
				CLANG_WARN_OBJC_IMPLICIT_RETAIN_SELF = YES;
				CLANG_WARN_OBJC_LITERAL_CONVERSION = YES;
				CLANG_WARN_OBJC_ROOT_CLASS = YES_ERROR;
				CLANG_WARN_RANGE_LOOP_ANALYSIS = YES;
				CLANG_WARN_STRICT_PROTOTYPES = YES;
				CLANG_WARN_SUSPICIOUS_MOVE = YES;
				CLANG_WARN_UNGUARDED_AVAILABILITY = YES_AGGRESSIVE;
				CLANG_WARN_UNREACHABLE_CODE = YES;
				CLANG_WARN__DUPLICATE_METHOD_MATCH = YES;
				CODE_SIGN_IDENTITY = "Mac Developer";
				COPY_PHASE_STRIP = NO;
				DEBUG_INFORMATION_FORMAT = dwarf;
				ENABLE_STRICT_OBJC_MSGSEND = YES;
				ENABLE_TESTABILITY = YES;
				GCC_C_LANGUAGE_STANDARD = gnu11;
				GCC_DYNAMIC_NO_PIC = NO;
				GCC_NO_COMMON_BLOCKS = YES;
				GCC_OPTIMIZATION_LEVEL = 0;
				GCC_PREPROCESSOR_DEFINITIONS = (
					"DEBUG=1",
					"$(inherited)",
				);
				GCC_WARN_64_TO_32_BIT_CONVERSION = YES;
				GCC_WARN_ABOUT_RETURN_TYPE = YES_ERROR;
				GCC_WARN_UNDECLARED_SELECTOR = YES;
				GCC_WARN_UNINITIALIZED_AUTOS = YES_AGGRESSIVE;
				GCC_WARN_UNUSED_FUNCTION = YES;
				GCC_WARN_UNUSED_VARIABLE = YES;
				MACOSX_DEPLOYMENT_TARGET = 10.14;
				MTL_ENABLE_DEBUG_INFO = INCLUDE_SOURCE;
				MTL_FAST_MATH = YES;
				ONLY_ACTIVE_ARCH = YES;
				SDKROOT = macosx;
			};
			name = Debug;
		};
		2E00058E21D30526006F12E8 /* Release */ = {
			isa = XCBuildConfiguration;
			buildSettings = {
				ALWAYS_SEARCH_USER_PATHS = NO;
				CLANG_ANALYZER_NONNULL = YES;
				CLANG_ANALYZER_NUMBER_OBJECT_CONVERSION = YES_AGGRESSIVE;
				CLANG_CXX_LANGUAGE_STANDARD = "gnu++14";
				CLANG_CXX_LIBRARY = "libc++";
				CLANG_ENABLE_MODULES = YES;
				CLANG_ENABLE_OBJC_ARC = YES;
				CLANG_ENABLE_OBJC_WEAK = YES;
				CLANG_WARN_BLOCK_CAPTURE_AUTORELEASING = YES;
				CLANG_WARN_BOOL_CONVERSION = YES;
				CLANG_WARN_COMMA = YES;
				CLANG_WARN_CONSTANT_CONVERSION = YES;
				CLANG_WARN_DEPRECATED_OBJC_IMPLEMENTATIONS = YES;
				CLANG_WARN_DIRECT_OBJC_ISA_USAGE = YES_ERROR;
				CLANG_WARN_DOCUMENTATION_COMMENTS = YES;
				CLANG_WARN_EMPTY_BODY = YES;
				CLANG_WARN_ENUM_CONVERSION = YES;
				CLANG_WARN_INFINITE_RECURSION = YES;
				CLANG_WARN_INT_CONVERSION = YES;
				CLANG_WARN_NON_LITERAL_NULL_CONVERSION = YES;
				CLANG_WARN_OBJC_IMPLICIT_RETAIN_SELF = YES;
				CLANG_WARN_OBJC_LITERAL_CONVERSION = YES;
				CLANG_WARN_OBJC_ROOT_CLASS = YES_ERROR;
				CLANG_WARN_RANGE_LOOP_ANALYSIS = YES;
				CLANG_WARN_STRICT_PROTOTYPES = YES;
				CLANG_WARN_SUSPICIOUS_MOVE = YES;
				CLANG_WARN_UNGUARDED_AVAILABILITY = YES_AGGRESSIVE;
				CLANG_WARN_UNREACHABLE_CODE = YES;
				CLANG_WARN__DUPLICATE_METHOD_MATCH = YES;
				CODE_SIGN_IDENTITY = "Mac Developer";
				COPY_PHASE_STRIP = NO;
				DEBUG_INFORMATION_FORMAT = "dwarf-with-dsym";
				ENABLE_NS_ASSERTIONS = NO;
				ENABLE_STRICT_OBJC_MSGSEND = YES;
				GCC_C_LANGUAGE_STANDARD = gnu11;
				GCC_NO_COMMON_BLOCKS = YES;
				GCC_WARN_64_TO_32_BIT_CONVERSION = YES;
				GCC_WARN_ABOUT_RETURN_TYPE = YES_ERROR;
				GCC_WARN_UNDECLARED_SELECTOR = YES;
				GCC_WARN_UNINITIALIZED_AUTOS = YES_AGGRESSIVE;
				GCC_WARN_UNUSED_FUNCTION = YES;
				GCC_WARN_UNUSED_VARIABLE = YES;
				MACOSX_DEPLOYMENT_TARGET = 10.14;
				MTL_ENABLE_DEBUG_INFO = NO;
				MTL_FAST_MATH = YES;
				SDKROOT = macosx;
			};
			name = Release;
		};
		2E00059021D30526006F12E8 /* Debug */ = {
			isa = XCBuildConfiguration;
			buildSettings = {
				ASSETCATALOG_COMPILER_APPICON_NAME = AppIcon;
				CODE_SIGN_ENTITLEMENTS = Crossword/Crossword.entitlements;
				CODE_SIGN_STYLE = Automatic;
				COMBINE_HIDPI_IMAGES = YES;
				DEVELOPMENT_TEAM = VJ2YH44BQ3;
				INFOPLIST_FILE = Crossword/Info.plist;
				LD_RUNPATH_SEARCH_PATHS = (
					"$(inherited)",
					"@executable_path/../Frameworks",
				);
				PRODUCT_BUNDLE_IDENTIFIER = me.andrewfischer.Crossword;
				PRODUCT_NAME = "$(TARGET_NAME)";
			};
			name = Debug;
		};
		2E00059121D30526006F12E8 /* Release */ = {
			isa = XCBuildConfiguration;
			buildSettings = {
				ASSETCATALOG_COMPILER_APPICON_NAME = AppIcon;
				CODE_SIGN_ENTITLEMENTS = Crossword/Crossword.entitlements;
				CODE_SIGN_STYLE = Automatic;
				COMBINE_HIDPI_IMAGES = YES;
				DEVELOPMENT_TEAM = VJ2YH44BQ3;
				INFOPLIST_FILE = Crossword/Info.plist;
				LD_RUNPATH_SEARCH_PATHS = (
					"$(inherited)",
					"@executable_path/../Frameworks",
				);
				PRODUCT_BUNDLE_IDENTIFIER = me.andrewfischer.Crossword;
				PRODUCT_NAME = "$(TARGET_NAME)";
			};
			name = Release;
		};
		2E00059321D30526006F12E8 /* Debug */ = {
			isa = XCBuildConfiguration;
			buildSettings = {
				BUNDLE_LOADER = "$(TEST_HOST)";
				CODE_SIGN_STYLE = Automatic;
				COMBINE_HIDPI_IMAGES = YES;
				DEVELOPMENT_TEAM = VJ2YH44BQ3;
				INFOPLIST_FILE = CrosswordTests/Info.plist;
				LD_RUNPATH_SEARCH_PATHS = (
					"$(inherited)",
					"@executable_path/../Frameworks",
					"@loader_path/../Frameworks",
				);
				PRODUCT_BUNDLE_IDENTIFIER = me.andrewfischer.CrosswordTests;
				PRODUCT_NAME = "$(TARGET_NAME)";
				TEST_HOST = "$(BUILT_PRODUCTS_DIR)/Crossword.app/Contents/MacOS/Crossword";
			};
			name = Debug;
		};
		2E00059421D30526006F12E8 /* Release */ = {
			isa = XCBuildConfiguration;
			buildSettings = {
				BUNDLE_LOADER = "$(TEST_HOST)";
				CODE_SIGN_STYLE = Automatic;
				COMBINE_HIDPI_IMAGES = YES;
				DEVELOPMENT_TEAM = VJ2YH44BQ3;
				INFOPLIST_FILE = CrosswordTests/Info.plist;
				LD_RUNPATH_SEARCH_PATHS = (
					"$(inherited)",
					"@executable_path/../Frameworks",
					"@loader_path/../Frameworks",
				);
				PRODUCT_BUNDLE_IDENTIFIER = me.andrewfischer.CrosswordTests;
				PRODUCT_NAME = "$(TARGET_NAME)";
				TEST_HOST = "$(BUILT_PRODUCTS_DIR)/Crossword.app/Contents/MacOS/Crossword";
			};
			name = Release;
		};
		2E00059621D30526006F12E8 /* Debug */ = {
			isa = XCBuildConfiguration;
			buildSettings = {
				CODE_SIGN_STYLE = Automatic;
				COMBINE_HIDPI_IMAGES = YES;
				DEVELOPMENT_TEAM = VJ2YH44BQ3;
				INFOPLIST_FILE = CrosswordUITests/Info.plist;
				LD_RUNPATH_SEARCH_PATHS = (
					"$(inherited)",
					"@executable_path/../Frameworks",
					"@loader_path/../Frameworks",
				);
				PRODUCT_BUNDLE_IDENTIFIER = me.andrewfischer.CrosswordUITests;
				PRODUCT_NAME = "$(TARGET_NAME)";
				TEST_TARGET_NAME = Crossword;
			};
			name = Debug;
		};
		2E00059721D30526006F12E8 /* Release */ = {
			isa = XCBuildConfiguration;
			buildSettings = {
				CODE_SIGN_STYLE = Automatic;
				COMBINE_HIDPI_IMAGES = YES;
				DEVELOPMENT_TEAM = VJ2YH44BQ3;
				INFOPLIST_FILE = CrosswordUITests/Info.plist;
				LD_RUNPATH_SEARCH_PATHS = (
					"$(inherited)",
					"@executable_path/../Frameworks",
					"@loader_path/../Frameworks",
				);
				PRODUCT_BUNDLE_IDENTIFIER = me.andrewfischer.CrosswordUITests;
				PRODUCT_NAME = "$(TARGET_NAME)";
				TEST_TARGET_NAME = Crossword;
			};
			name = Release;
		};
/* End XCBuildConfiguration section */

/* Begin XCConfigurationList section */
		2E00055D21D30525006F12E8 /* Build configuration list for PBXProject "Crossword" */ = {
			isa = XCConfigurationList;
			buildConfigurations = (
				2E00058D21D30526006F12E8 /* Debug */,
				2E00058E21D30526006F12E8 /* Release */,
			);
			defaultConfigurationIsVisible = 0;
			defaultConfigurationName = Release;
		};
		2E00058F21D30526006F12E8 /* Build configuration list for PBXNativeTarget "Crossword" */ = {
			isa = XCConfigurationList;
			buildConfigurations = (
				2E00059021D30526006F12E8 /* Debug */,
				2E00059121D30526006F12E8 /* Release */,
			);
			defaultConfigurationIsVisible = 0;
			defaultConfigurationName = Release;
		};
		2E00059221D30526006F12E8 /* Build configuration list for PBXNativeTarget "CrosswordTests" */ = {
			isa = XCConfigurationList;
			buildConfigurations = (
				2E00059321D30526006F12E8 /* Debug */,
				2E00059421D30526006F12E8 /* Release */,
			);
			defaultConfigurationIsVisible = 0;
			defaultConfigurationName = Release;
		};
		2E00059521D30526006F12E8 /* Build configuration list for PBXNativeTarget "CrosswordUITests" */ = {
			isa = XCConfigurationList;
			buildConfigurations = (
				2E00059621D30526006F12E8 /* Debug */,
				2E00059721D30526006F12E8 /* Release */,
			);
			defaultConfigurationIsVisible = 0;
			defaultConfigurationName = Release;
		};
/* End XCConfigurationList section */
	};
	rootObject = 2E00055A21D30525006F12E8 /* Project object */;
}
